{
  "object": {
    "pins": [
      {
        "package": "async-http-client",
        "repositoryURL": "https://github.com/swift-server/async-http-client.git",
        "state": {
          "branch": "master",
          "revision": "e64448e1eff26022040ca587c0e637a05e82aa7d",
          "version": null
        }
      },
      {
        "package": "sajson_swift",
        "repositoryURL": "https://github.com/timprepscius/sajson_swift.git",
        "state": {
          "branch": "master",
          "revision": "51bc033842764088f5173d18d3fe9523542b1226",
          "version": null
        }
      },
      {
        "package": "SigmaSwiftStatistics",
        "repositoryURL": "https://github.com/evgenyneu/SigmaSwiftStatistics.git",
        "state": {
          "branch": null,
          "revision": "d36db09f97a1739edc8c63897220c7ecbb5de684",
          "version": "9.0.2"
        }
      },
      {
        "package": "SQLite.swift",
        "repositoryURL": "https://github.com/stephencelis/SQLite.swift.git",
        "state": {
          "branch": null,
          "revision": "0a9893ec030501a3956bee572d6b4fdd3ae158a1",
          "version": "0.12.2"
        }
      },
      {
        "package": "swift-nio",
        "repositoryURL": "https://github.com/apple/swift-nio.git",
        "state": {
          "branch": null,
          "revision": "b07efecaea7359054b8a85d357f05c8152b7716c",
          "version": "2.6.0"
        }
      },
      {
        "package": "swift-nio-ssl",
        "repositoryURL": "https://github.com/apple/swift-nio-ssl.git",
        "state": {
          "branch": null,
          "revision": "16de4b45c7cbe9815f995dd1539e6b7c4f0980a5",
          "version": "2.2.0"
        }
      },
      {
        "package": "SwiftSoup",
        "repositoryURL": "https://github.com/scinfu/SwiftSoup.git",
        "state": {
          "branch": null,
          "revision": "11da8c685ddde2d519fad04a7daf8485bbbc773e",
          "version": "1.7.5"
        }
      }
    ]
  },
  "version": 1
}
